# @generated by Move, please check-in and do not edit manually.

[move]
version = 3
manifest_digest = "5EA3B72C4001A62EA61D0027FD103CDBF96F037137E69F048F6E3F19D8004C73"
deps_digest = "F8BBB0CCB2491CA29A3DF03D6F92277A4F3574266507ACD77214D37ECA3F3082"
dependencies = [
  { id = "Sui", name = "Sui" },
]

[[move.package]]
id = "MoveStdlib"
source = { git = "https://github.com/MystenLabs/sui.git", rev = "framework/testnet", subdir = "crates/sui-framework/packages/move-stdlib" }

[[move.package]]
id = "Sui"
source = { git = "https://github.com/MystenLabs/sui.git", rev = "framework/testnet", subdir = "crates/sui-framework/packages/sui-framework" }

dependencies = [
  { id = "MoveStdlib", name = "MoveStdlib" },
]

[move.toolchain-version]
compiler-version = "1.61.2"
edition = "2024"
flavor = "sui"

[env]

[env.testnet]
chain-id = "4c78adac"
original-published-id = "0xb1ad72c535ecd56ba03b6708d567c2c586f9ebe173da0bdca35040a2cee54b03"
latest-published-id = "0xb1ad72c535ecd56ba03b6708d567c2c586f9ebe173da0bdca35040a2cee54b03"
published-version = "1"
